// !$*UTF8*$!
{
	archiveVersion = 1;
	classes = {
	};
	objectVersion = 56;
	objects = {

/* Begin PBXBuildFile section */
		84297B75294757320037E042 /* AppDelegate.swift in Sources */ = {isa = PBXBuildFile; fileRef = 84297B74294757320037E042 /* AppDelegate.swift */; };
		84297B77294757320037E042 /* SceneDelegate.swift in Sources */ = {isa = PBXBuildFile; fileRef = 84297B76294757320037E042 /* SceneDelegate.swift */; };
		84297B79294757320037E042 /* ViewController.swift in Sources */ = {isa = PBXBuildFile; fileRef = 84297B78294757320037E042 /* ViewController.swift */; };
		84297B7C294757320037E042 /* Main.storyboard in Resources */ = {isa = PBXBuildFile; fileRef = 84297B7A294757320037E042 /* Main.storyboard */; };
		84297B7E294757340037E042 /* Assets.xcassets in Resources */ = {isa = PBXBuildFile; fileRef = 84297B7D294757340037E042 /* Assets.xcassets */; };
		84297B81294757340037E042 /* LaunchScreen.storyboard in Resources */ = {isa = PBXBuildFile; fileRef = 84297B7F294757340037E042 /* LaunchScreen.storyboard */; };
		84297B98294759DF0037E042 /* ApiClientError.swift in Sources */ = {isa = PBXBuildFile; fileRef = 84297B97294759DF0037E042 /* ApiClientError.swift */; };
		84297B9A29475A200037E042 /* ApiConstant.swift in Sources */ = {isa = PBXBuildFile; fileRef = 84297B9929475A200037E042 /* ApiConstant.swift */; };
/* End PBXBuildFile section */

/* Begin PBXFileReference section */
		84297B71294757320037E042 /* iTunesApp.app */ = {isa = PBXFileReference; explicitFileType = wrapper.application; includeInIndex = 0; path = iTunesApp.app; sourceTree = BUILT_PRODUCTS_DIR; };
		84297B74294757320037E042 /* AppDelegate.swift */ = {isa = PBXFileReference; lastKnownFileType = sourcecode.swift; path = AppDelegate.swift; sourceTree = "<group>"; };
		84297B76294757320037E042 /* SceneDelegate.swift */ = {isa = PBXFileReference; lastKnownFileType = sourcecode.swift; path = SceneDelegate.swift; sourceTree = "<group>"; };
		84297B78294757320037E042 /* ViewController.swift */ = {isa = PBXFileReference; lastKnownFileType = sourcecode.swift; path = ViewController.swift; sourceTree = "<group>"; };
		84297B7B294757320037E042 /* Base */ = {isa = PBXFileReference; lastKnownFileType = file.storyboard; name = Base; path = Base.lproj/Main.storyboard; sourceTree = "<group>"; };
		84297B7D294757340037E042 /* Assets.xcassets */ = {isa = PBXFileReference; lastKnownFileType = folder.assetcatalog; path = Assets.xcassets; sourceTree = "<group>"; };
		84297B80294757340037E042 /* Base */ = {isa = PBXFileReference; lastKnownFileType = file.storyboard; name = Base; path = Base.lproj/LaunchScreen.storyboard; sourceTree = "<group>"; };
		84297B82294757340037E042 /* Info.plist */ = {isa = PBXFileReference; lastKnownFileType = text.plist.xml; path = Info.plist; sourceTree = "<group>"; };
		84297B97294759DF0037E042 /* ApiClientError.swift */ = {isa = PBXFileReference; lastKnownFileType = sourcecode.swift; path = ApiClientError.swift; sourceTree = "<group>"; };
		84297B9929475A200037E042 /* ApiConstant.swift */ = {isa = PBXFileReference; lastKnownFileType = sourcecode.swift; path = ApiConstant.swift; sourceTree = "<group>"; };
/* End PBXFileReference section */

/* Begin PBXFrameworksBuildPhase section */
		84297B6E294757320037E042 /* Frameworks */ = {
			isa = PBXFrameworksBuildPhase;
			buildActionMask = 2147483647;
			files = (
			);
			runOnlyForDeploymentPostprocessing = 0;
		};
/* End PBXFrameworksBuildPhase section */

/* Begin PBXGroup section */
		84297B68294757320037E042 = {
			isa = PBXGroup;
			children = (
				84297B73294757320037E042 /* iTunesApp */,
				84297B72294757320037E042 /* Products */,
			);
			sourceTree = "<group>";
		};
		84297B72294757320037E042 /* Products */ = {
			isa = PBXGroup;
			children = (
				84297B71294757320037E042 /* iTunesApp.app */,
			);
			name = Products;
			sourceTree = "<group>";
		};
		84297B73294757320037E042 /* iTunesApp */ = {
			isa = PBXGroup;
			children = (
				84297B962947599E0037E042 /* Network */,
				84297B8A294758380037E042 /* Core */,
				84297B88294758260037E042 /* Scenes */,
				84297B82294757340037E042 /* Info.plist */,
			);
			path = iTunesApp;
			sourceTree = "<group>";
		};
		84297B88294758260037E042 /* Scenes */ = {
			isa = PBXGroup;
			children = (
				84297B932947594A0037E042 /* DetailsScreen */,
				84297B8B2947585B0037E042 /* MainScreen */,
			);
			path = Scenes;
			sourceTree = "<group>";
		};
		84297B8A294758380037E042 /* Core */ = {
			isa = PBXGroup;
			children = (
				84297B7D294757340037E042 /* Assets.xcassets */,
				84297B74294757320037E042 /* AppDelegate.swift */,
				84297B7F294757340037E042 /* LaunchScreen.storyboard */,
				84297B7A294757320037E042 /* Main.storyboard */,
				84297B76294757320037E042 /* SceneDelegate.swift */,
			);
			path = Core;
			sourceTree = "<group>";
		};
		84297B8B2947585B0037E042 /* MainScreen */ = {
			isa = PBXGroup;
			children = (
				84297B90294758B60037E042 /* Model */,
				84297B8F294758A80037E042 /* EndPointItem */,
				84297B8D294758760037E042 /* ViewModel */,
				84297B8C2947586D0037E042 /* View */,
			);
			path = MainScreen;
			sourceTree = "<group>";
		};
		84297B8C2947586D0037E042 /* View */ = {
			isa = PBXGroup;
			children = (
				84297B92294759040037E042 /* MainView */,
				84297B8E2947589B0037E042 /* Cell */,
			);
			path = View;
			sourceTree = "<group>";
		};
		84297B8D294758760037E042 /* ViewModel */ = {
			isa = PBXGroup;
			children = (
			);
			path = ViewModel;
			sourceTree = "<group>";
		};
		84297B8E2947589B0037E042 /* Cell */ = {
			isa = PBXGroup;
			children = (
			);
			path = Cell;
			sourceTree = "<group>";
		};
		84297B8F294758A80037E042 /* EndPointItem */ = {
			isa = PBXGroup;
			children = (
			);
			path = EndPointItem;
			sourceTree = "<group>";
		};
		84297B90294758B60037E042 /* Model */ = {
			isa = PBXGroup;
			children = (
			);
			path = Model;
			sourceTree = "<group>";
		};
		84297B92294759040037E042 /* MainView */ = {
			isa = PBXGroup;
			children = (
				84297B78294757320037E042 /* ViewController.swift */,
			);
			path = MainView;
			sourceTree = "<group>";
		};
		84297B932947594A0037E042 /* DetailsScreen */ = {
			isa = PBXGroup;
			children = (
				84297B95294759610037E042 /* ViewModel */,
				84297B94294759580037E042 /* View */,
			);
			path = DetailsScreen;
			sourceTree = "<group>";
		};
		84297B94294759580037E042 /* View */ = {
			isa = PBXGroup;
			children = (
			);
			path = View;
			sourceTree = "<group>";
		};
		84297B95294759610037E042 /* ViewModel */ = {
			isa = PBXGroup;
			children = (
			);
			path = ViewModel;
			sourceTree = "<group>";
		};
		84297B962947599E0037E042 /* Network */ = {
			isa = PBXGroup;
			children = (
				84297B97294759DF0037E042 /* ApiClientError.swift */,
				84297B9929475A200037E042 /* ApiConstant.swift */,
			);
			path = Network;
			sourceTree = "<group>";
		};
/* End PBXGroup section */

/* Begin PBXNativeTarget section */
		84297B70294757320037E042 /* iTunesApp */ = {
			isa = PBXNativeTarget;
			buildConfigurationList = 84297B85294757340037E042 /* Build configuration list for PBXNativeTarget "iTunesApp" */;
			buildPhases = (
				84297B6D294757320037E042 /* Sources */,
				84297B6E294757320037E042 /* Frameworks */,
				84297B6F294757320037E042 /* Resources */,
			);
			buildRules = (
			);
			dependencies = (
			);
			name = iTunesApp;
			productName = iTunesApp;
			productReference = 84297B71294757320037E042 /* iTunesApp.app */;
			productType = "com.apple.product-type.application";
		};
/* End PBXNativeTarget section */

/* Begin PBXProject section */
		84297B69294757320037E042 /* Project object */ = {
			isa = PBXProject;
			attributes = {
				BuildIndependentTargetsInParallel = 1;
				LastSwiftUpdateCheck = 1410;
				LastUpgradeCheck = 1410;
				TargetAttributes = {
					84297B70294757320037E042 = {
						CreatedOnToolsVersion = 14.1;
					};
				};
			};
			buildConfigurationList = 84297B6C294757320037E042 /* Build configuration list for PBXProject "iTunesApp" */;
			compatibilityVersion = "Xcode 14.0";
			developmentRegion = en;
			hasScannedForEncodings = 0;
			knownRegions = (
				en,
				Base,
			);
			mainGroup = 84297B68294757320037E042;
			productRefGroup = 84297B72294757320037E042 /* Products */;
			projectDirPath = "";
			projectRoot = "";
			targets = (
				84297B70294757320037E042 /* iTunesApp */,
			);
		};
/* End PBXProject section */

/* Begin PBXResourcesBuildPhase section */
		84297B6F294757320037E042 /* Resources */ = {
			isa = PBXResourcesBuildPhase;
			buildActionMask = 2147483647;
			files = (
				84297B81294757340037E042 /* LaunchScreen.storyboard in Resources */,
				84297B7E294757340037E042 /* Assets.xcassets in Resources */,
				84297B7C294757320037E042 /* Main.storyboard in Resources */,
			);
			runOnlyForDeploymentPostprocessing = 0;
		};
/* End PBXResourcesBuildPhase section */

/* Begin PBXSourcesBuildPhase section */
		84297B6D294757320037E042 /* Sources */ = {
			isa = PBXSourcesBuildPhase;
			buildActionMask = 2147483647;
			files = (
				84297B79294757320037E042 /* ViewController.swift in Sources */,
				84297B75294757320037E042 /* AppDelegate.swift in Sources */,
				84297B98294759DF0037E042 /* ApiClientError.swift in Sources */,
				84297B9A29475A200037E042 /* ApiConstant.swift in Sources */,
				84297B77294757320037E042 /* SceneDelegate.swift in Sources */,
			);
			runOnlyForDeploymentPostprocessing = 0;
		};
/* End PBXSourcesBuildPhase section */

/* Begin PBXVariantGroup section */
		84297B7A294757320037E042 /* Main.storyboard */ = {
			isa = PBXVariantGroup;
			children = (
				84297B7B294757320037E042 /* Base */,
			);
			name = Main.storyboard;
			sourceTree = "<group>";
		};
		84297B7F294757340037E042 /* LaunchScreen.storyboard */ = {
			isa = PBXVariantGroup;
			children = (
				84297B80294757340037E042 /* Base */,
			);
			name = LaunchScreen.storyboard;
			sourceTree = "<group>";
		};
/* End PBXVariantGroup section */

/* Begin XCBuildConfiguration section */
		84297B83294757340037E042 /* Debug */ = {
			isa = XCBuildConfiguration;
			buildSettings = {
				ALWAYS_SEARCH_USER_PATHS = NO;
				CLANG_ANALYZER_NONNULL = YES;
				CLANG_ANALYZER_NUMBER_OBJECT_CONVERSION = YES_AGGRESSIVE;
				CLANG_CXX_LANGUAGE_STANDARD = "gnu++20";
				CLANG_ENABLE_MODULES = YES;
				CLANG_ENABLE_OBJC_ARC = YES;
				CLANG_ENABLE_OBJC_WEAK = YES;
				CLANG_WARN_BLOCK_CAPTURE_AUTORELEASING = YES;
				CLANG_WARN_BOOL_CONVERSION = YES;
				CLANG_WARN_COMMA = YES;
				CLANG_WARN_CONSTANT_CONVERSION = YES;
				CLANG_WARN_DEPRECATED_OBJC_IMPLEMENTATIONS = YES;
				CLANG_WARN_DIRECT_OBJC_ISA_USAGE = YES_ERROR;
				CLANG_WARN_DOCUMENTATION_COMMENTS = YES;
				CLANG_WARN_EMPTY_BODY = YES;
				CLANG_WARN_ENUM_CONVERSION = YES;
				CLANG_WARN_INFINITE_RECURSION = YES;
				CLANG_WARN_INT_CONVERSION = YES;
				CLANG_WARN_NON_LITERAL_NULL_CONVERSION = YES;
				CLANG_WARN_OBJC_IMPLICIT_RETAIN_SELF = YES;
				CLANG_WARN_OBJC_LITERAL_CONVERSION = YES;
				CLANG_WARN_OBJC_ROOT_CLASS = YES_ERROR;
				CLANG_WARN_QUOTED_INCLUDE_IN_FRAMEWORK_HEADER = YES;
				CLANG_WARN_RANGE_LOOP_ANALYSIS = YES;
				CLANG_WARN_STRICT_PROTOTYPES = YES;
				CLANG_WARN_SUSPICIOUS_MOVE = YES;
				CLANG_WARN_UNGUARDED_AVAILABILITY = YES_AGGRESSIVE;
				CLANG_WARN_UNREACHABLE_CODE = YES;
				CLANG_WARN__DUPLICATE_METHOD_MATCH = YES;
				COPY_PHASE_STRIP = NO;
				DEBUG_INFORMATION_FORMAT = dwarf;
				ENABLE_STRICT_OBJC_MSGSEND = YES;
				ENABLE_TESTABILITY = YES;
				GCC_C_LANGUAGE_STANDARD = gnu11;
				GCC_DYNAMIC_NO_PIC = NO;
				GCC_NO_COMMON_BLOCKS = YES;
				GCC_OPTIMIZATION_LEVEL = 0;
				GCC_PREPROCESSOR_DEFINITIONS = (
					"DEBUG=1",
					"$(inherited)",
				);
				GCC_WARN_64_TO_32_BIT_CONVERSION = YES;
				GCC_WARN_ABOUT_RETURN_TYPE = YES_ERROR;
				GCC_WARN_UNDECLARED_SELECTOR = YES;
				GCC_WARN_UNINITIALIZED_AUTOS = YES_AGGRESSIVE;
				GCC_WARN_UNUSED_FUNCTION = YES;
				GCC_WARN_UNUSED_VARIABLE = YES;
				IPHONEOS_DEPLOYMENT_TARGET = 16.1;
				MTL_ENABLE_DEBUG_INFO = INCLUDE_SOURCE;
				MTL_FAST_MATH = YES;
				ONLY_ACTIVE_ARCH = YES;
				SDKROOT = iphoneos;
				SWIFT_ACTIVE_COMPILATION_CONDITIONS = DEBUG;
				SWIFT_OPTIMIZATION_LEVEL = "-Onone";
			};
			name = Debug;
		};
		84297B84294757340037E042 /* Release */ = {
			isa = XCBuildConfiguration;
			buildSettings = {
				ALWAYS_SEARCH_USER_PATHS = NO;
				CLANG_ANALYZER_NONNULL = YES;
				CLANG_ANALYZER_NUMBER_OBJECT_CONVERSION = YES_AGGRESSIVE;
				CLANG_CXX_LANGUAGE_STANDARD = "gnu++20";
				CLANG_ENABLE_MODULES = YES;
				CLANG_ENABLE_OBJC_ARC = YES;
				CLANG_ENABLE_OBJC_WEAK = YES;
				CLANG_WARN_BLOCK_CAPTURE_AUTORELEASING = YES;
				CLANG_WARN_BOOL_CONVERSION = YES;
				CLANG_WARN_COMMA = YES;
				CLANG_WARN_CONSTANT_CONVERSION = YES;
				CLANG_WARN_DEPRECATED_OBJC_IMPLEMENTATIONS = YES;
				CLANG_WARN_DIRECT_OBJC_ISA_USAGE = YES_ERROR;
				CLANG_WARN_DOCUMENTATION_COMMENTS = YES;
				CLANG_WARN_EMPTY_BODY = YES;
				CLANG_WARN_ENUM_CONVERSION = YES;
				CLANG_WARN_INFINITE_RECURSION = YES;
				CLANG_WARN_INT_CONVERSION = YES;
				CLANG_WARN_NON_LITERAL_NULL_CONVERSION = YES;
				CLANG_WARN_OBJC_IMPLICIT_RETAIN_SELF = YES;
				CLANG_WARN_OBJC_LITERAL_CONVERSION = YES;
				CLANG_WARN_OBJC_ROOT_CLASS = YES_ERROR;
				CLANG_WARN_QUOTED_INCLUDE_IN_FRAMEWORK_HEADER = YES;
				CLANG_WARN_RANGE_LOOP_ANALYSIS = YES;
				CLANG_WARN_STRICT_PROTOTYPES = YES;
				CLANG_WARN_SUSPICIOUS_MOVE = YES;
				CLANG_WARN_UNGUARDED_AVAILABILITY = YES_AGGRESSIVE;
				CLANG_WARN_UNREACHABLE_CODE = YES;
				CLANG_WARN__DUPLICATE_METHOD_MATCH = YES;
				COPY_PHASE_STRIP = NO;
				DEBUG_INFORMATION_FORMAT = "dwarf-with-dsym";
				ENABLE_NS_ASSERTIONS = NO;
				ENABLE_STRICT_OBJC_MSGSEND = YES;
				GCC_C_LANGUAGE_STANDARD = gnu11;
				GCC_NO_COMMON_BLOCKS = YES;
				GCC_WARN_64_TO_32_BIT_CONVERSION = YES;
				GCC_WARN_ABOUT_RETURN_TYPE = YES_ERROR;
				GCC_WARN_UNDECLARED_SELECTOR = YES;
				GCC_WARN_UNINITIALIZED_AUTOS = YES_AGGRESSIVE;
				GCC_WARN_UNUSED_FUNCTION = YES;
				GCC_WARN_UNUSED_VARIABLE = YES;
				IPHONEOS_DEPLOYMENT_TARGET = 16.1;
				MTL_ENABLE_DEBUG_INFO = NO;
				MTL_FAST_MATH = YES;
				SDKROOT = iphoneos;
				SWIFT_COMPILATION_MODE = wholemodule;
				SWIFT_OPTIMIZATION_LEVEL = "-O";
				VALIDATE_PRODUCT = YES;
			};
			name = Release;
		};
		84297B86294757340037E042 /* Debug */ = {
			isa = XCBuildConfiguration;
			buildSettings = {
				ASSETCATALOG_COMPILER_APPICON_NAME = AppIcon;
				ASSETCATALOG_COMPILER_GLOBAL_ACCENT_COLOR_NAME = AccentColor;
				CODE_SIGN_STYLE = Automatic;
				CURRENT_PROJECT_VERSION = 1;
				DEVELOPMENT_TEAM = DL8VYL8AGB;
				GENERATE_INFOPLIST_FILE = YES;
				INFOPLIST_FILE = iTunesApp/Info.plist;
				INFOPLIST_KEY_UIApplicationSupportsIndirectInputEvents = YES;
				INFOPLIST_KEY_UILaunchStoryboardName = LaunchScreen;
				INFOPLIST_KEY_UIMainStoryboardFile = Main;
				INFOPLIST_KEY_UISupportedInterfaceOrientations_iPad = "UIInterfaceOrientationPortrait UIInterfaceOrientationPortraitUpsideDown UIInterfaceOrientationLandscapeLeft UIInterfaceOrientationLandscapeRight";
				INFOPLIST_KEY_UISupportedInterfaceOrientations_iPhone = "UIInterfaceOrientationPortrait UIInterfaceOrientationLandscapeLeft UIInterfaceOrientationLandscapeRight";
				LD_RUNPATH_SEARCH_PATHS = (
					"$(inherited)",
					"@executable_path/Frameworks",
				);
				MARKETING_VERSION = 1.0;
				PRODUCT_BUNDLE_IDENTIFIER = Onuralp.iTunesApp.iTunesAppp.iTunesApp;
				PRODUCT_NAME = "$(TARGET_NAME)";
				SWIFT_EMIT_LOC_STRINGS = YES;
				SWIFT_VERSION = 5.0;
				TARGETED_DEVICE_FAMILY = "1,2";
			};
			name = Debug;
		};
		84297B87294757340037E042 /* Release */ = {
			isa = XCBuildConfiguration;
			buildSettings = {
				ASSETCATALOG_COMPILER_APPICON_NAME = AppIcon;
				ASSETCATALOG_COMPILER_GLOBAL_ACCENT_COLOR_NAME = AccentColor;
				CODE_SIGN_STYLE = Automatic;
				CURRENT_PROJECT_VERSION = 1;
				DEVELOPMENT_TEAM = DL8VYL8AGB;
				GENERATE_INFOPLIST_FILE = YES;
				INFOPLIST_FILE = iTunesApp/Info.plist;
				INFOPLIST_KEY_UIApplicationSupportsIndirectInputEvents = YES;
				INFOPLIST_KEY_UILaunchStoryboardName = LaunchScreen;
				INFOPLIST_KEY_UIMainStoryboardFile = Main;
				INFOPLIST_KEY_UISupportedInterfaceOrientations_iPad = "UIInterfaceOrientationPortrait UIInterfaceOrientationPortraitUpsideDown UIInterfaceOrientationLandscapeLeft UIInterfaceOrientationLandscapeRight";
				INFOPLIST_KEY_UISupportedInterfaceOrientations_iPhone = "UIInterfaceOrientationPortrait UIInterfaceOrientationLandscapeLeft UIInterfaceOrientationLandscapeRight";
				LD_RUNPATH_SEARCH_PATHS = (
					"$(inherited)",
					"@executable_path/Frameworks",
				);
				MARKETING_VERSION = 1.0;
				PRODUCT_BUNDLE_IDENTIFIER = Onuralp.iTunesApp.iTunesAppp.iTunesApp;
				PRODUCT_NAME = "$(TARGET_NAME)";
				SWIFT_EMIT_LOC_STRINGS = YES;
				SWIFT_VERSION = 5.0;
				TARGETED_DEVICE_FAMILY = "1,2";
			};
			name = Release;
		};
/* End XCBuildConfiguration section */

/* Begin XCConfigurationList section */
		84297B6C294757320037E042 /* Build configuration list for PBXProject "iTunesApp" */ = {
			isa = XCConfigurationList;
			buildConfigurations = (
				84297B83294757340037E042 /* Debug */,
				84297B84294757340037E042 /* Release */,
			);
			defaultConfigurationIsVisible = 0;
			defaultConfigurationName = Release;
		};
		84297B85294757340037E042 /* Build configuration list for PBXNativeTarget "iTunesApp" */ = {
			isa = XCConfigurationList;
			buildConfigurations = (
				84297B86294757340037E042 /* Debug */,
				84297B87294757340037E042 /* Release */,
			);
			defaultConfigurationIsVisible = 0;
			defaultConfigurationName = Release;
		};
/* End XCConfigurationList section */
	};
	rootObject = 84297B69294757320037E042 /* Project object */;
}
